
Microsoft Visual Studio Solution File, Format Version 12.00
# Visual Studio Version 17
VisualStudioVersion = 17.9.34728.123
MinimumVisualStudioVersion = 10.0.40219.1
Project("{FAE04EC0-301F-11D3-BF4B-00C04F79EFBC}") = "WebAPI", "WebAPI\WebAPI.csproj", "{123BBAC4-D1F9-477D-AD9C-6585AECB6B30}"
EndProject
Project("{2150E333-8FDC-42A3-9474-1A3956D46DE8}") = "Comun", "Comun", "{A161964C-1355-40B3-88AE-A2E45EFC6230}"
EndProject
Project("{2150E333-8FDC-42A3-9474-1A3956D46DE8}") = "Modelo", "Modelo", "{C8FDFF06-A9AF-4336-A8B8-DD67B833116F}"
EndProject
Project("{2150E333-8FDC-42A3-9474-1A3956D46DE8}") = "Acceso a Datos", "Acceso a Datos", "{3A070600-C795-4367-BF40-34ED362C57C2}"
EndProject
Project("{2150E333-8FDC-42A3-9474-1A3956D46DE8}") = "Cliente Rest", "Cliente Rest", "{746D2810-0E85-4A1E-99A2-275A7F27631E}"
EndProject
Project("{2150E333-8FDC-42A3-9474-1A3956D46DE8}") = "Logica del Negocio", "Logica del Negocio", "{A74B143E-8EBF-4B9C-AB78-82C0ED2D6A37}"
EndProject
Project("{2150E333-8FDC-42A3-9474-1A3956D46DE8}") = "Web API", "Web API", "{C0705DA4-AB46-47F7-A76B-22D75FB32C86}"
EndProject
Project("{FAE04EC0-301F-11D3-BF4B-00C04F79EFBC}") = "Comun", "Comun\Comun.csproj", "{2E5E13B4-8164-47A5-9C89-6A7A11D66A5B}"
EndProject
Project("{FAE04EC0-301F-11D3-BF4B-00C04F79EFBC}") = "Modelo", "Modelo\Modelo.csproj", "{F05371C1-7A40-4FBB-9764-D0EEFAE966E2}"
EndProject
Project("{FAE04EC0-301F-11D3-BF4B-00C04F79EFBC}") = "Datos", "Datos\Datos.csproj", "{EFEA53AC-52D4-4BF9-BFB2-167BA4091978}"
EndProject
Project("{FAE04EC0-301F-11D3-BF4B-00C04F79EFBC}") = "Rest", "Rest\Rest.csproj", "{179D799D-81EF-4F3A-8B6F-48EA3994772D}"
EndProject
Project("{FAE04EC0-301F-11D3-BF4B-00C04F79EFBC}") = "Logica", "Logica\Logica.csproj", "{D8EB33D2-C1D1-4434-87E5-41392E53508B}"
EndProject
Global
	GlobalSection(SolutionConfigurationPlatforms) = preSolution
		Debug|Any CPU = Debug|Any CPU
		Release|Any CPU = Release|Any CPU
	EndGlobalSection
	GlobalSection(ProjectConfigurationPlatforms) = postSolution
		{123BBAC4-D1F9-477D-AD9C-6585AECB6B30}.Debug|Any CPU.ActiveCfg = Debug|Any CPU
		{123BBAC4-D1F9-477D-AD9C-6585AECB6B30}.Debug|Any CPU.Build.0 = Debug|Any CPU
		{123BBAC4-D1F9-477D-AD9C-6585AECB6B30}.Release|Any CPU.ActiveCfg = Release|Any CPU
		{123BBAC4-D1F9-477D-AD9C-6585AECB6B30}.Release|Any CPU.Build.0 = Release|Any CPU
		{2E5E13B4-8164-47A5-9C89-6A7A11D66A5B}.Debug|Any CPU.ActiveCfg = Debug|Any CPU
		{2E5E13B4-8164-47A5-9C89-6A7A11D66A5B}.Debug|Any CPU.Build.0 = Debug|Any CPU
		{2E5E13B4-8164-47A5-9C89-6A7A11D66A5B}.Release|Any CPU.ActiveCfg = Release|Any CPU
		{2E5E13B4-8164-47A5-9C89-6A7A11D66A5B}.Release|Any CPU.Build.0 = Release|Any CPU
		{F05371C1-7A40-4FBB-9764-D0EEFAE966E2}.Debug|Any CPU.ActiveCfg = Debug|Any CPU
		{F05371C1-7A40-4FBB-9764-D0EEFAE966E2}.Debug|Any CPU.Build.0 = Debug|Any CPU
		{F05371C1-7A40-4FBB-9764-D0EEFAE966E2}.Release|Any CPU.ActiveCfg = Release|Any CPU
		{F05371C1-7A40-4FBB-9764-D0EEFAE966E2}.Release|Any CPU.Build.0 = Release|Any CPU
		{EFEA53AC-52D4-4BF9-BFB2-167BA4091978}.Debug|Any CPU.ActiveCfg = Debug|Any CPU
		{EFEA53AC-52D4-4BF9-BFB2-167BA4091978}.Debug|Any CPU.Build.0 = Debug|Any CPU
		{EFEA53AC-52D4-4BF9-BFB2-167BA4091978}.Release|Any CPU.ActiveCfg = Release|Any CPU
		{EFEA53AC-52D4-4BF9-BFB2-167BA4091978}.Release|Any CPU.Build.0 = Release|Any CPU
		{179D799D-81EF-4F3A-8B6F-48EA3994772D}.Debug|Any CPU.ActiveCfg = Debug|Any CPU
		{179D799D-81EF-4F3A-8B6F-48EA3994772D}.Debug|Any CPU.Build.0 = Debug|Any CPU
		{179D799D-81EF-4F3A-8B6F-48EA3994772D}.Release|Any CPU.ActiveCfg = Release|Any CPU
		{179D799D-81EF-4F3A-8B6F-48EA3994772D}.Release|Any CPU.Build.0 = Release|Any CPU
		{D8EB33D2-C1D1-4434-87E5-41392E53508B}.Debug|Any CPU.ActiveCfg = Debug|Any CPU
		{D8EB33D2-C1D1-4434-87E5-41392E53508B}.Debug|Any CPU.Build.0 = Debug|Any CPU
		{D8EB33D2-C1D1-4434-87E5-41392E53508B}.Release|Any CPU.ActiveCfg = Release|Any CPU
		{D8EB33D2-C1D1-4434-87E5-41392E53508B}.Release|Any CPU.Build.0 = Release|Any CPU
	EndGlobalSection
	GlobalSection(SolutionProperties) = preSolution
		HideSolutionNode = FALSE
	EndGlobalSection
	GlobalSection(NestedProjects) = preSolution
		{123BBAC4-D1F9-477D-AD9C-6585AECB6B30} = {C0705DA4-AB46-47F7-A76B-22D75FB32C86}
		{2E5E13B4-8164-47A5-9C89-6A7A11D66A5B} = {A161964C-1355-40B3-88AE-A2E45EFC6230}
		{F05371C1-7A40-4FBB-9764-D0EEFAE966E2} = {C8FDFF06-A9AF-4336-A8B8-DD67B833116F}
		{EFEA53AC-52D4-4BF9-BFB2-167BA4091978} = {3A070600-C795-4367-BF40-34ED362C57C2}
		{179D799D-81EF-4F3A-8B6F-48EA3994772D} = {746D2810-0E85-4A1E-99A2-275A7F27631E}
		{D8EB33D2-C1D1-4434-87E5-41392E53508B} = {A74B143E-8EBF-4B9C-AB78-82C0ED2D6A37}
	EndGlobalSection
	GlobalSection(ExtensibilityGlobals) = postSolution
		SolutionGuid = {4435433E-BBD0-4303-AC17-F6A64DB1D8E3}
	EndGlobalSection
EndGlobal
